<?xml version="1.0" encoding="utf-8"?>
<Project ToolsVersion="4.0" xmlns="http://schemas.microsoft.com/developer/msbuild/2003">
  <ItemGroup>
    <Filter Include="Source Files">
      <UniqueIdentifier>{4FC737F1-C7A5-4376-A066-2A32D752A2FF}</UniqueIdentifier>
      <Extensions>cpp;c;cc;cxx;def;odl;idl;hpj;bat;asm;asmx</Extensions>
    </Filter>
    <Filter Include="Header Files">
      <UniqueIdentifier>{93995380-89BD-4b04-88EB-625FBE52EBFB}</UniqueIdentifier>
      <Extensions>h;hpp;hxx;hm;inl;inc;xsd</Extensions>
    </Filter>
    <Filter Include="Resource Files">
      <UniqueIdentifier>{67DA6AB6-F800-4c08-8B7A-83BB121AAD01}</UniqueIdentifier>
      <Extensions>rc;ico;cur;bmp;dlg;rc2;rct;bin;rgs;gif;jpg;jpeg;jpe;resx;tiff;tif;png;wav;mfcribbon-ms</Extensions>
    </Filter>
  </ItemGroup>
  <ItemGroup>
    <ClCompile Include="15-3Sum.cpp">
      <Filter>Source Files</Filter>
    </ClCompile>
    <ClCompile Include="590-N-aryTreePostorderTraversal.cpp">
      <Filter>Source Files</Filter>
    </ClCompile>
    <ClCompile Include="11-ContainerWithMostWater.cpp">
      <Filter>Source Files</Filter>
    </ClCompile>
    <ClCompile Include="1-twoSum.cpp">
      <Filter>Source Files</Filter>
    </ClCompile>
    <ClCompile Include="26-RemoveDuplicatesfromSortedArray.cpp">
      <Filter>Source Files</Filter>
    </ClCompile>
    <ClCompile Include="27-RemoveElement.cpp">
      <Filter>Source Files</Filter>
    </ClCompile>
    <ClCompile Include="34-FindFirstandLastPositionofElementinSortedArray.cpp">
      <Filter>Source Files</Filter>
    </ClCompile>
    <ClCompile Include="56-MergeIntervals.cpp">
      <Filter>Source Files</Filter>
    </ClCompile>
    <ClCompile Include="75-SortColors.cpp">
      <Filter>Source Files</Filter>
    </ClCompile>
    <ClCompile Include="94-BinaryTreeInorderTraversal.cpp">
      <Filter>Source Files</Filter>
    </ClCompile>
    <ClCompile Include="104-MaximumDepthofBinaryTree.cpp">
      <Filter>Source Files</Filter>
    </ClCompile>
    <ClCompile Include="136-SingleNumber.cpp">
      <Filter>Source Files</Filter>
    </ClCompile>
    <ClCompile Include="145-BinaryTreePostorderTraversal.cpp">
      <Filter>Source Files</Filter>
    </ClCompile>
    <ClCompile Include="147-InsertionSortList.cpp">
      <Filter>Source Files</Filter>
    </ClCompile>
    <ClCompile Include="226-InvertBinaryTree.cpp">
      <Filter>Source Files</Filter>
    </ClCompile>
    <ClCompile Include="389-findTheDifference.cpp">
      <Filter>Source Files</Filter>
    </ClCompile>
    <ClCompile Include="412-FizzBuzz.cpp">
      <Filter>Source Files</Filter>
    </ClCompile>
    <ClCompile Include="463-islandPerimeter.cpp">
      <Filter>Source Files</Filter>
    </ClCompile>
    <ClCompile Include="500-KeyboardRow.cpp">
      <Filter>Source Files</Filter>
    </ClCompile>
    <ClCompile Include="524-LongestWordinDictionarythroughDeleting.cpp">
      <Filter>Source Files</Filter>
    </ClCompile>
    <ClCompile Include="771-JewelsandStones.cpp">
      <Filter>Source Files</Filter>
    </ClCompile>
    <ClCompile Include="814-BinaryTreePruning.cpp">
      <Filter>Source Files</Filter>
    </ClCompile>
    <ClCompile Include="654-MaximumBinaryTree.cpp">
      <Filter>Source Files</Filter>
    </ClCompile>
    <ClCompile Include="807-MaxIncreasetoKeepCitySkyline.cpp">
      <Filter>Source Files</Filter>
    </ClCompile>
    <ClCompile Include="617-MergeTwoBinaryTrees.cpp">
      <Filter>Source Files</Filter>
    </ClCompile>
    <ClCompile Include="705-MyHashSet.cpp">
      <Filter>Source Files</Filter>
    </ClCompile>
    <ClCompile Include="709-ToLowerCase.cpp">
      <Filter>Source Files</Filter>
    </ClCompile>
    <ClCompile Include="242-ValidAnagram.cpp">
      <Filter>Source Files</Filter>
    </ClCompile>
    <ClCompile Include="589-N-aryTreePreorderTraversal.cpp">
      <Filter>Source Files</Filter>
    </ClCompile>
    <ClCompile Include="559-MaximumDepthofN-aryTree.cpp">
      <Filter>Source Files</Filter>
    </ClCompile>
    <ClCompile Include="230-KthSmallestElementinaBST.cpp">
      <Filter>Source Files</Filter>
    </ClCompile>
    <ClCompile Include="513-FindBottomLeftTreeValue.cpp">
      <Filter>Source Files</Filter>
    </ClCompile>
    <ClCompile Include="108-ConvertSortedArraytoBinarySearchTree.cpp">
      <Filter>Source Files</Filter>
    </ClCompile>
    <ClCompile Include="700-SearchinaBinarySearchTree.cpp">
      <Filter>Source Files</Filter>
    </ClCompile>
  </ItemGroup>
</Project>