<?xml version="1.0" encoding="utf-8"?>
<Project ToolsVersion="4.0" xmlns="http://schemas.microsoft.com/developer/msbuild/2003">
  <ItemGroup>
    <Filter Include="Source Files">
      <UniqueIdentifier>{4FC737F1-C7A5-4376-A066-2A32D752A2FF}</UniqueIdentifier>
      <Extensions>cpp;c;cc;cxx;def;odl;idl;hpj;bat;asm;asmx</Extensions>
    </Filter>
    <Filter Include="Header Files">
      <UniqueIdentifier>{93995380-89BD-4b04-88EB-625FBE52EBFB}</UniqueIdentifier>
      <Extensions>h;hpp;hxx;hm;inl;inc;xsd</Extensions>
    </Filter>
    <Filter Include="Resource Files">
      <UniqueIdentifier>{67DA6AB6-F800-4c08-8B7A-83BB121AAD01}</UniqueIdentifier>
      <Extensions>rc;ico;cur;bmp;dlg;rc2;rct;bin;rgs;gif;jpg;jpeg;jpe;resx;tiff;tif;png;wav;mfcribbon-ms</Extensions>
    </Filter>
  </ItemGroup>
  <ItemGroup>
    <ClCompile Include="15-3Sum.cpp">
      <Filter>Source Files</Filter>
    </ClCompile>
    <ClCompile Include="590-N-aryTreePostorderTraversal.cpp">
      <Filter>Source Files</Filter>
    </ClCompile>
    <ClCompile Include="11-ContainerWithMostWater.cpp">
      <Filter>Source Files</Filter>
    </ClCompile>
    <ClCompile Include="1-twoSum.cpp">
      <Filter>Source Files</Filter>
    </ClCompile>
    <ClCompile Include="26-RemoveDuplicatesfromSortedArray.cpp">
      <Filter>Source Files</Filter>
    </ClCompile>
    <ClCompile Include="27-RemoveElement.cpp">
      <Filter>Source Files</Filter>
    </ClCompile>
    <ClCompile Include="34-FindFirstandLastPositionofElementinSortedArray.cpp">
      <Filter>Source Files</Filter>
    </ClCompile>
    <ClCompile Include="56-MergeIntervals.cpp">
      <Filter>Source Files</Filter>
    </ClCompile>
    <ClCompile Include="75-SortColors.cpp">
      <Filter>Source Files</Filter>
    </ClCompile>
    <ClCompile Include="94-BinaryTreeInorderTraversal.cpp">
      <Filter>Source Files</Filter>
    </ClCompile>
    <ClCompile Include="104-MaximumDepthofBinaryTree.cpp">
      <Filter>Source Files</Filter>
    </ClCompile>
    <ClCompile Include="136-SingleNumber.cpp">
      <Filter>Source Files</Filter>
    </ClCompile>
    <ClCompile Include="145-BinaryTreePostorderTraversal.cpp">
      <Filter>Source Files</Filter>
    </ClCompile>
    <ClCompile Include="147-InsertionSortList.cpp">
      <Filter>Source Files</Filter>
    </ClCompile>
    <ClCompile Include="226-InvertBinaryTree.cpp">
      <Filter>Source Files</Filter>
    </ClCompile>
    <ClCompile Include="389-findTheDifference.cpp">
      <Filter>Source Files</Filter>
    </ClCompile>
    <ClCompile Include="412-FizzBuzz.cpp">
      <Filter>Source Files</Filter>
    </ClCompile>
    <ClCompile Include="463-islandPerimeter.cpp">
      <Filter>Source Files</Filter>
    </ClCompile>
    <ClCompile Include="500-KeyboardRow.cpp">
      <Filter>Source Files</Filter>
    </ClCompile>
    <ClCompile Include="524-LongestWordinDictionarythroughDeleting.cpp">
      <Filter>Source Files</Filter>
    </ClCompile>
    <ClCompile Include="771-JewelsandStones.cpp">
      <Filter>Source Files</Filter>
    </ClCompile>
    <ClCompile Include="814-BinaryTreePruning.cpp">
      <Filter>Source Files</Filter>
    </ClCompile>
    <ClCompile Include="654-MaximumBinaryTree.cpp">
      <Filter>Source Files</Filter>
    </ClCompile>
    <ClCompile Include="807-MaxIncreasetoKeepCitySkyline.cpp">
      <Filter>Source Files</Filter>
    </ClCompile>
    <ClCompile Include="617-MergeTwoBinaryTrees.cpp">
      <Filter>Source Files</Filter>
    </ClCompile>
    <ClCompile Include="705-MyHashSet.cpp">
      <Filter>Source Files</Filter>
    </ClCompile>
    <ClCompile Include="709-ToLowerCase.cpp">
      <Filter>Source Files</Filter>
    </ClCompile>
    <ClCompile Include="242-ValidAnagram.cpp">
      <Filter>Source Files</Filter>
    </ClCompile>
    <ClCompile Include="589-N-aryTreePreorderTraversal.cpp">
      <Filter>Source Files</Filter>
    </ClCompile>
    <ClCompile Include="559-MaximumDepthofN-aryTree.cpp">
      <Filter>Source Files</Filter>
    </ClCompile>
    <ClCompile Include="230-KthSmallestElementinaBST.cpp">
      <Filter>Source Files</Filter>
    </ClCompile>
    <ClCompile Include="513-FindBottomLeftTreeValue.cpp">
      <Filter>Source Files</Filter>
    </ClCompile>
    <ClCompile Include="108-ConvertSortedArraytoBinarySearchTree.cpp">
      <Filter>Source Files</Filter>
    </ClCompile>
    <ClCompile Include="700-SearchinaBinarySearchTree.cpp">
      <Filter>Source Files</Filter>
    </ClCompile>
    <ClCompile Include="894-AllPossibleFullBinaryTrees.cpp">
      <Filter>Source Files</Filter>
    </ClCompile>
    <ClCompile Include="107-BinaryTreeLevelOrderTraversalII.cpp">
      <Filter>Source Files</Filter>
    </ClCompile>
    <ClCompile Include="429-N-aryTreeLevelOrderTraversal.cpp">
      <Filter>Source Files</Filter>
    </ClCompile>
    <ClCompile Include="669-TrimaBinarySearchTree.cpp">
      <Filter>Source Files</Filter>
    </ClCompile>
    <ClCompile Include="701-InsertintoaBinarySearchTree.cpp">
      <Filter>Source Files</Filter>
    </ClCompile>
    <ClCompile Include="257-BinaryTreePaths.cpp">
      <Filter>Source Files</Filter>
    </ClCompile>
    <ClCompile Include="106-ConstructBinaryTreefromInorderandPostorderTraversal.cpp">
      <Filter>Source Files</Filter>
    </ClCompile>
    <ClCompile Include="637-AverageofLevelsinBinaryTree.cpp">
      <Filter>Source Files</Filter>
    </ClCompile>
    <ClCompile Include="114-FlattenBinaryTreetoLinked List.cpp">
      <Filter>Source Files</Filter>
    </ClCompile>
    <ClCompile Include="872-Leaf-SimilarTrees.cpp">
      <Filter>Source Files</Filter>
    </ClCompile>
    <ClCompile Include="144-BinaryTreePreorderTraversal.cpp">
      <Filter>Source Files</Filter>
    </ClCompile>
    <ClCompile Include="105-ConstructBinaryTreefromPreorderandInorderTraversal.cpp">
      <Filter>Source Files</Filter>
    </ClCompile>
    <ClCompile Include="515-FindLargestValueinEachTreeRow.cpp">
      <Filter>Source Files</Filter>
    </ClCompile>
    <ClCompile Include="547-FriendCircles.cpp">
      <Filter>Source Files</Filter>
    </ClCompile>
    <ClCompile Include="684- Redundant-Connection.cpp">
      <Filter>Source Files</Filter>
    </ClCompile>
    <ClCompile Include="129-SumRoottoLeafNumbers.cpp">
      <Filter>Source Files</Filter>
    </ClCompile>
    <ClCompile Include="96-UniqueBinarySearchTrees.cpp">
      <Filter>Source Files</Filter>
    </ClCompile>
    <ClCompile Include="215-KthLargestElementinanArray.cpp">
      <Filter>Source Files</Filter>
    </ClCompile>
    <ClCompile Include="451-SortCharactersByFrequency.cpp">
      <Filter>Source Files</Filter>
    </ClCompile>
    <ClCompile Include="347-TopKFrequentElements.cpp">
      <Filter>Source Files</Filter>
    </ClCompile>
    <ClCompile Include="199-BinaryTreeRightSideView.cpp">
      <Filter>Source Files</Filter>
    </ClCompile>
    <ClCompile Include="235-LowestCommonAncestorofaBinarySearchTree.cpp">
      <Filter>Source Files</Filter>
    </ClCompile>
    <ClCompile Include="200-NumberofIslands.cpp">
      <Filter>Source Files</Filter>
    </ClCompile>
    <ClCompile Include="508-MostFrequentSubtreeSum.cpp">
      <Filter>Source Files</Filter>
    </ClCompile>
    <ClCompile Include="102-BinaryTreeLevelOrderTraversal.cpp">
      <Filter>Source Files</Filter>
    </ClCompile>
    <ClCompile Include="313-SuperUglyNumber.cpp">
      <Filter>Source Files</Filter>
    </ClCompile>
    <ClCompile Include="237-DeleteNodeinaLinkedList.cpp">
      <Filter>Source Files</Filter>
    </ClCompile>
    <ClCompile Include="938-RangeSumofBST.cpp">
      <Filter>Source Files</Filter>
    </ClCompile>
    <ClCompile Include="841-KeysandRooms.cpp">
      <Filter>Source Files</Filter>
    </ClCompile>
    <ClCompile Include="337-HouseRobberIII.cpp">
      <Filter>Source Files</Filter>
    </ClCompile>
    <ClCompile Include="929-UniqueEmailAddresses.cpp">
      <Filter>Source Files</Filter>
    </ClCompile>
    <ClCompile Include="59-SpiralMatrixII.cpp">
      <Filter>Source Files</Filter>
    </ClCompile>
    <ClCompile Include="950-RevealCardsInIncreasingOrder.cpp">
      <Filter>Source Files</Filter>
    </ClCompile>
    <ClCompile Include="78-Subsets.cpp">
      <Filter>Source Files</Filter>
    </ClCompile>
    <ClCompile Include="338-CountingBits.cpp">
      <Filter>Source Files</Filter>
    </ClCompile>
    <ClCompile Include="832-FlippinganImage.cpp">
      <Filter>Source Files</Filter>
    </ClCompile>
    <ClCompile Include="922-SortArrayByParityII.cpp">
      <Filter>Source Files</Filter>
    </ClCompile>
    <ClCompile Include="961-N-RepeatedElementinSize2NArray.cpp">
      <Filter>Source Files</Filter>
    </ClCompile>
    <ClCompile Include="171-ExcelSheetColumnNumber.cpp">
      <Filter>Source Files</Filter>
    </ClCompile>
    <ClCompile Include="942-DIStringMatch.cpp">
      <Filter>Source Files</Filter>
    </ClCompile>
    <ClCompile Include="461-HammingDistance.cpp">
      <Filter>Source Files</Filter>
    </ClCompile>
    <ClCompile Include="657-RobotReturntoOrigin.cpp">
      <Filter>Source Files</Filter>
    </ClCompile>
    <ClCompile Include="852-PeakIndexinaMountainArray.cpp">
      <Filter>Source Files</Filter>
    </ClCompile>
    <ClCompile Include="46- Permutation.cpp">
      <Filter>Source Files</Filter>
    </ClCompile>
    <ClCompile Include="344-ReverseString.cpp">
      <Filter>Source Files</Filter>
    </ClCompile>
    <ClCompile Include="728-SelfDividingNumbers.cpp">
      <Filter>Source Files</Filter>
    </ClCompile>
    <ClCompile Include="66-PlusOne.cpp">
      <Filter>Source Files</Filter>
    </ClCompile>
    <ClCompile Include="944-DeleteColumnstoMakeSorted.cpp">
      <Filter>Source Files</Filter>
    </ClCompile>
    <ClCompile Include="284-PeekingIterator.cpp">
      <Filter>Source Files</Filter>
    </ClCompile>
    <ClCompile Include="867-TransposeMatrix.cpp">
      <Filter>Source Files</Filter>
    </ClCompile>
    <ClCompile Include="258- AddDigits.cpp">
      <Filter>Source Files</Filter>
    </ClCompile>
    <ClCompile Include="821-ShortestDistancetoaCharacter.cpp">
      <Filter>Source Files</Filter>
    </ClCompile>
    <ClCompile Include="561-ArrayPartitionI.cpp">
      <Filter>Source Files</Filter>
    </ClCompile>
    <ClCompile Include="557-ReverseWordsinaStringIII.cpp">
      <Filter>Source Files</Filter>
    </ClCompile>
    <ClCompile Include="118-Pascal%27sTriangle.cpp">
      <Filter>Source Files</Filter>
    </ClCompile>
    <ClCompile Include="566-ReshapetheMatrix.cpp">
      <Filter>Source Files</Filter>
    </ClCompile>
    <ClCompile Include="109-ConvertSortedListtoBinarySearchTree.cpp">
      <Filter>Source Files</Filter>
    </ClCompile>
    <ClCompile Include="89-GrayCode.cpp">
      <Filter>Source Files</Filter>
    </ClCompile>
    <ClCompile Include="965-UnivaluedBinaryTree.cpp">
      <Filter>Source Files</Filter>
    </ClCompile>
    <ClCompile Include="682-BaseballGame.cpp">
      <Filter>Source Files</Filter>
    </ClCompile>
    <ClCompile Include="509-FibonacciNumber.cpp">
      <Filter>Source Files</Filter>
    </ClCompile>
    <ClCompile Include="289-GameofLife.cpp">
      <Filter>Source Files</Filter>
    </ClCompile>
    <ClCompile Include="763-PartitionLabels.cpp">
      <Filter>Source Files</Filter>
    </ClCompile>
    <ClCompile Include="48-RotateImage.cpp">
      <Filter>Source Files</Filter>
    </ClCompile>
    <ClCompile Include="442-FindAllDuplicatesinanArray.cpp">
      <Filter>Source Files</Filter>
    </ClCompile>
    <ClCompile Include="693-BinaryNumberwithAlternatingBits.cpp">
      <Filter>Source Files</Filter>
    </ClCompile>
    <ClCompile Include="540-SingleElementinaSortedArray.cpp">
      <Filter>Source Files</Filter>
    </ClCompile>
    <ClCompile Include="973-KClosestPointstoOrigin.cpp">
      <Filter>Source Files</Filter>
    </ClCompile>
    <ClCompile Include="476-NumberComplement.cpp">
      <Filter>Source Files</Filter>
    </ClCompile>
    <ClCompile Include="804-UniqueMorseCodeWords.cpp">
      <Filter>Source Files</Filter>
    </ClCompile>
    <ClCompile Include="496-NextGreaterElementI.cpp">
      <Filter>Source Files</Filter>
    </ClCompile>
    <ClCompile Include="371-SumofTwoIntegers.cpp">
      <Filter>Source Files</Filter>
    </ClCompile>
    <ClCompile Include="806-NumberofLinesToWriteString.cpp">
      <Filter>Source Files</Filter>
    </ClCompile>
    <ClCompile Include="791-CustomSortString.cpp">
      <Filter>Source Files</Filter>
    </ClCompile>
    <ClCompile Include="876-MiddleoftheLinkedList.cpp">
      <Filter>Source Files</Filter>
    </ClCompile>
    <ClCompile Include="883-ProjectionAreaof3DShapes.cpp">
      <Filter>Source Files</Filter>
    </ClCompile>
    <ClCompile Include="206-ReverseLinkedList.cpp">
      <Filter>Source Files</Filter>
    </ClCompile>
    <ClCompile Include="232-ImplementQueueusingStacks.cpp">
      <Filter>Source Files</Filter>
    </ClCompile>
    <ClCompile Include="13-RomantoInteger.cpp">
      <Filter>Source Files</Filter>
    </ClCompile>
    <ClCompile Include="766-ToeplitzMatrix.cpp">
      <Filter>Source Files</Filter>
    </ClCompile>
    <ClCompile Include="978-LongestTurbulentSubarray.cpp">
      <Filter>Source Files</Filter>
    </ClCompile>
    <ClCompile Include="868-BinaryGap.cpp">
      <Filter>Source Files</Filter>
    </ClCompile>
    <ClCompile Include="169-MajorityElement.cpp">
      <Filter>Source Files</Filter>
    </ClCompile>
    <ClCompile Include="4977.cpp">
      <Filter>Resource Files</Filter>
    </ClCompile>
    <ClCompile Include="976-LargestPerimeterTriangle.cpp">
      <Filter>Source Files</Filter>
    </ClCompile>
    <ClCompile Include="225-ImplementStackusingQueues.cpp">
      <Filter>Source Files</Filter>
    </ClCompile>
  </ItemGroup>
</Project>